
Microsoft Visual Studio Solution File, Format Version 12.00
# Visual Studio Version 17
VisualStudioVersion = 17.11.35312.102
MinimumVisualStudioVersion = 10.0.40219.1
Project("{FAE04EC0-301F-11D3-BF4B-00C04F79EFBC}") = "CadastroContatos", "CadastroContatos\CadastroContatos.csproj", "{9ADB076E-08BF-436F-A6B6-F379390ED758}"
EndProject
Global
	GlobalSection(SolutionConfigurationPlatforms) = preSolution
		Debug|Any CPU = Debug|Any CPU
		Release|Any CPU = Release|Any CPU
	EndGlobalSection
	GlobalSection(ProjectConfigurationPlatforms) = postSolution
		{9ADB076E-08BF-436F-A6B6-F379390ED758}.Debug|Any CPU.ActiveCfg = Debug|Any CPU
		{9ADB076E-08BF-436F-A6B6-F379390ED758}.Debug|Any CPU.Build.0 = Debug|Any CPU
		{9ADB076E-08BF-436F-A6B6-F379390ED758}.Release|Any CPU.ActiveCfg = Release|Any CPU
		{9ADB076E-08BF-436F-A6B6-F379390ED758}.Release|Any CPU.Build.0 = Release|Any CPU
	EndGlobalSection
	GlobalSection(SolutionProperties) = preSolution
		HideSolutionNode = FALSE
	EndGlobalSection
	GlobalSection(ExtensibilityGlobals) = postSolution
		SolutionGuid = {B33A3348-8B0B-4B31-ACB4-43E545653F10}
	EndGlobalSection
EndGlobal
